
Microsoft Visual Studio Solution File, Format Version 12.00
# Visual Studio Version 17
VisualStudioVersion = 17.5.33502.453
MinimumVisualStudioVersion = 10.0.40219.1
Project("{2150E333-8FDC-42A3-9474-1A3956D46DE8}") = "Internal", "Internal", "{31FC550D-492F-45B3-884E-C360D39F2193}"
	ProjectSection(SolutionItems) = preProject
		Internal\.editorconfig = Internal\.editorconfig
	EndProjectSection
EndProject
Project("{2150E333-8FDC-42A3-9474-1A3956D46DE8}") = "Scripts", "Scripts", "{C6FA2426-B0ED-4775-B78B-8CD0FD3C8268}"
EndProject
Project("{2150E333-8FDC-42A3-9474-1A3956D46DE8}") = "Dlls", "Dlls", "{63B4243A-5598-4508-8258-5D740FE969BE}"
	ProjectSection(SolutionItems) = preProject
		Dlls\ABOUT.md = Dlls\ABOUT.md
	EndProjectSection
EndProject
Project("{2150E333-8FDC-42A3-9474-1A3956D46DE8}") = "CompanionFiles", "CompanionFiles", "{73A32502-0E73-4B60-B0DF-8DCA37EAC68E}"
EndProject
Project("{2150E333-8FDC-42A3-9474-1A3956D46DE8}") = "Skyline DataMiner", "Skyline DataMiner", "{54162C42-6304-45B8-BF6A-66B34C4BD7A2}"
	ProjectSection(SolutionItems) = preProject
		CompanionFiles\Skyline DataMiner\AboutThisFolder.md = CompanionFiles\Skyline DataMiner\AboutThisFolder.md
	EndProjectSection
EndProject
Project("{2150E333-8FDC-42A3-9474-1A3956D46DE8}") = "Documentation", "Documentation", "{1EC5EE69-A2E5-457D-9F73-6809B121DC88}"
	ProjectSection(SolutionItems) = preProject
		Documentation\ABOUT.md = Documentation\ABOUT.md
		README.md = README.md
	EndProjectSection
EndProject
Project("{2150E333-8FDC-42A3-9474-1A3956D46DE8}") = "Tests", "Tests", "{F8938D60-51A0-4880-9CFC-19C66379BB5D}"
EndProject
Project("{2150E333-8FDC-42A3-9474-1A3956D46DE8}") = "Code Analysis", "Code Analysis", "{6D9F6982-E3AA-4648-A039-E187C4878DAB}"
	ProjectSection(SolutionItems) = preProject
		Internal\Code Analysis\qaction-debug.ruleset = Internal\Code Analysis\qaction-debug.ruleset
		Internal\Code Analysis\qaction-release.ruleset = Internal\Code Analysis\qaction-release.ruleset
		Internal\Code Analysis\stylecop.json = Internal\Code Analysis\stylecop.json
	EndProjectSection
EndProject
Project("{2150E333-8FDC-42A3-9474-1A3956D46DE8}") = "HelloWorld", "HelloWorld", "{21243CB4-9947-4E89-8BD4-E4EEF85AEC83}"
	ProjectSection(SolutionItems) = preProject
		HelloWorld.xml = HelloWorld.xml
	EndProjectSection
EndProject
Project("{2150E333-8FDC-42A3-9474-1A3956D46DE8}") = "Actions", "Actions", "{DB9F13D7-94AA-4170-BDF5-05AD2D513E34}"
EndProject
Project("{9A19103F-16F7-4668-BE54-9A1E7A4F7556}") = "HelloWorld_1", "HelloWorld_1\HelloWorld_1.csproj", "{3F3952EE-C36F-414C-ACE0-7F228B6D604D}"
EndProject
Global
	GlobalSection(SolutionConfigurationPlatforms) = preSolution
		Debug|Any CPU = Debug|Any CPU
		Release|Any CPU = Release|Any CPU
	EndGlobalSection
	GlobalSection(ProjectConfigurationPlatforms) = postSolution
		{3F3952EE-C36F-414C-ACE0-7F228B6D604D}.Debug|Any CPU.ActiveCfg = Debug|Any CPU
		{3F3952EE-C36F-414C-ACE0-7F228B6D604D}.Debug|Any CPU.Build.0 = Debug|Any CPU
		{3F3952EE-C36F-414C-ACE0-7F228B6D604D}.Release|Any CPU.ActiveCfg = Release|Any CPU
		{3F3952EE-C36F-414C-ACE0-7F228B6D604D}.Release|Any CPU.Build.0 = Release|Any CPU
	EndGlobalSection
	GlobalSection(SolutionProperties) = preSolution
		HideSolutionNode = FALSE
	EndGlobalSection
	GlobalSection(NestedProjects) = preSolution
		{54162C42-6304-45B8-BF6A-66B34C4BD7A2} = {73A32502-0E73-4B60-B0DF-8DCA37EAC68E}
		{6D9F6982-E3AA-4648-A039-E187C4878DAB} = {31FC550D-492F-45B3-884E-C360D39F2193}
		{21243CB4-9947-4E89-8BD4-E4EEF85AEC83} = {C6FA2426-B0ED-4775-B78B-8CD0FD3C8268}
		{DB9F13D7-94AA-4170-BDF5-05AD2D513E34} = {21243CB4-9947-4E89-8BD4-E4EEF85AEC83}
		{3F3952EE-C36F-414C-ACE0-7F228B6D604D} = {DB9F13D7-94AA-4170-BDF5-05AD2D513E34}
	EndGlobalSection
	GlobalSection(ExtensibilityGlobals) = postSolution
		SolutionGuid = {531E64E6-9A99-4787-B564-904847180159}
	EndGlobalSection
EndGlobal
